// !$*UTF8*$!
{
	archiveVersion = 1;
	classes = {
	};
	objectVersion = 48;
	objects = {

/* Begin PBXBuildFile section */
		042C38761F70EF1300EF32E0 /* signInVC.swift in Sources */ = {isa = PBXBuildFile; fileRef = 042C38751F70EF1300EF32E0 /* signInVC.swift */; };
		045BFF101F70E8830002FF68 /* AppDelegate.swift in Sources */ = {isa = PBXBuildFile; fileRef = 045BFF0F1F70E8830002FF68 /* AppDelegate.swift */; };
		045BFF121F70E8830002FF68 /* FeedVC.swift in Sources */ = {isa = PBXBuildFile; fileRef = 045BFF111F70E8830002FF68 /* FeedVC.swift */; };
		045BFF141F70E8830002FF68 /* UploadVC.swift in Sources */ = {isa = PBXBuildFile; fileRef = 045BFF131F70E8830002FF68 /* UploadVC.swift */; };
		045BFF171F70E8830002FF68 /* Main.storyboard in Resources */ = {isa = PBXBuildFile; fileRef = 045BFF151F70E8830002FF68 /* Main.storyboard */; };
		045BFF191F70E8830002FF68 /* Assets.xcassets in Resources */ = {isa = PBXBuildFile; fileRef = 045BFF181F70E8830002FF68 /* Assets.xcassets */; };
		045BFF1C1F70E8830002FF68 /* LaunchScreen.storyboard in Resources */ = {isa = PBXBuildFile; fileRef = 045BFF1A1F70E8830002FF68 /* LaunchScreen.storyboard */; };
		04F06A5A1F746C7A009845DF /* selec.png in Resources */ = {isa = PBXBuildFile; fileRef = 04F06A591F746C7A009845DF /* selec.png */; };
		293E65D94E5E1BA5198FEDF5 /* Pods_InstagramCloneParse.framework in Frameworks */ = {isa = PBXBuildFile; fileRef = 0B93F1F5D9D373A4A513F6A6 /* Pods_InstagramCloneParse.framework */; };
/* End PBXBuildFile section */

/* Begin PBXFileReference section */
		042C38751F70EF1300EF32E0 /* signInVC.swift */ = {isa = PBXFileReference; lastKnownFileType = sourcecode.swift; path = signInVC.swift; sourceTree = "<group>"; };
		045BFF0C1F70E8830002FF68 /* InstagramCloneParse.app */ = {isa = PBXFileReference; explicitFileType = wrapper.application; includeInIndex = 0; path = InstagramCloneParse.app; sourceTree = BUILT_PRODUCTS_DIR; };
		045BFF0F1F70E8830002FF68 /* AppDelegate.swift */ = {isa = PBXFileReference; lastKnownFileType = sourcecode.swift; path = AppDelegate.swift; sourceTree = "<group>"; };
		045BFF111F70E8830002FF68 /* FeedVC.swift */ = {isa = PBXFileReference; lastKnownFileType = sourcecode.swift; path = FeedVC.swift; sourceTree = "<group>"; };
		045BFF131F70E8830002FF68 /* UploadVC.swift */ = {isa = PBXFileReference; lastKnownFileType = sourcecode.swift; path = UploadVC.swift; sourceTree = "<group>"; };
		045BFF161F70E8830002FF68 /* Base */ = {isa = PBXFileReference; lastKnownFileType = file.storyboard; name = Base; path = Base.lproj/Main.storyboard; sourceTree = "<group>"; };
		045BFF181F70E8830002FF68 /* Assets.xcassets */ = {isa = PBXFileReference; lastKnownFileType = folder.assetcatalog; path = Assets.xcassets; sourceTree = "<group>"; };
		045BFF1B1F70E8830002FF68 /* Base */ = {isa = PBXFileReference; lastKnownFileType = file.storyboard; name = Base; path = Base.lproj/LaunchScreen.storyboard; sourceTree = "<group>"; };
		045BFF1D1F70E8830002FF68 /* Info.plist */ = {isa = PBXFileReference; lastKnownFileType = text.plist.xml; path = Info.plist; sourceTree = "<group>"; };
		04F06A591F746C7A009845DF /* selec.png */ = {isa = PBXFileReference; lastKnownFileType = image.png; name = selec.png; path = ../../selec.png; sourceTree = "<group>"; };
		0B93F1F5D9D373A4A513F6A6 /* Pods_InstagramCloneParse.framework */ = {isa = PBXFileReference; explicitFileType = wrapper.framework; includeInIndex = 0; path = Pods_InstagramCloneParse.framework; sourceTree = BUILT_PRODUCTS_DIR; };
		5E9496BB3D9DBC10560ECB69 /* Pods-InstagramCloneParse.debug.xcconfig */ = {isa = PBXFileReference; includeInIndex = 1; lastKnownFileType = text.xcconfig; name = "Pods-InstagramCloneParse.debug.xcconfig"; path = "Pods/Target Support Files/Pods-InstagramCloneParse/Pods-InstagramCloneParse.debug.xcconfig"; sourceTree = "<group>"; };
		EEEC2CEB8E5F4ADFA143945F /* Pods-InstagramCloneParse.release.xcconfig */ = {isa = PBXFileReference; includeInIndex = 1; lastKnownFileType = text.xcconfig; name = "Pods-InstagramCloneParse.release.xcconfig"; path = "Pods/Target Support Files/Pods-InstagramCloneParse/Pods-InstagramCloneParse.release.xcconfig"; sourceTree = "<group>"; };
/* End PBXFileReference section */

/* Begin PBXFrameworksBuildPhase section */
		045BFF091F70E8830002FF68 /* Frameworks */ = {
			isa = PBXFrameworksBuildPhase;
			buildActionMask = 2147483647;
			files = (
				293E65D94E5E1BA5198FEDF5 /* Pods_InstagramCloneParse.framework in Frameworks */,
			);
			runOnlyForDeploymentPostprocessing = 0;
		};
/* End PBXFrameworksBuildPhase section */

/* Begin PBXGroup section */
		045BFF031F70E8830002FF68 = {
			isa = PBXGroup;
			children = (
				045BFF0E1F70E8830002FF68 /* InstagramCloneParse */,
				045BFF0D1F70E8830002FF68 /* Products */,
				EED9CAB6308F4EEA5A10A619 /* Pods */,
				BB1BD9D8FAE613C72F26AAAE /* Frameworks */,
			);
			sourceTree = "<group>";
		};
		045BFF0D1F70E8830002FF68 /* Products */ = {
			isa = PBXGroup;
			children = (
				045BFF0C1F70E8830002FF68 /* InstagramCloneParse.app */,
			);
			name = Products;
			sourceTree = "<group>";
		};
		045BFF0E1F70E8830002FF68 /* InstagramCloneParse */ = {
			isa = PBXGroup;
			children = (
				04F06A591F746C7A009845DF /* selec.png */,
				045BFF0F1F70E8830002FF68 /* AppDelegate.swift */,
				045BFF111F70E8830002FF68 /* FeedVC.swift */,
				045BFF131F70E8830002FF68 /* UploadVC.swift */,
				042C38751F70EF1300EF32E0 /* signInVC.swift */,
				045BFF151F70E8830002FF68 /* Main.storyboard */,
				045BFF181F70E8830002FF68 /* Assets.xcassets */,
				045BFF1A1F70E8830002FF68 /* LaunchScreen.storyboard */,
				045BFF1D1F70E8830002FF68 /* Info.plist */,
			);
			path = InstagramCloneParse;
			sourceTree = "<group>";
		};
		BB1BD9D8FAE613C72F26AAAE /* Frameworks */ = {
			isa = PBXGroup;
			children = (
				0B93F1F5D9D373A4A513F6A6 /* Pods_InstagramCloneParse.framework */,
			);
			name = Frameworks;
			sourceTree = "<group>";
		};
		EED9CAB6308F4EEA5A10A619 /* Pods */ = {
			isa = PBXGroup;
			children = (
				5E9496BB3D9DBC10560ECB69 /* Pods-InstagramCloneParse.debug.xcconfig */,
				EEEC2CEB8E5F4ADFA143945F /* Pods-InstagramCloneParse.release.xcconfig */,
			);
			name = Pods;
			sourceTree = "<group>";
		};
/* End PBXGroup section */

/* Begin PBXNativeTarget section */
		045BFF0B1F70E8830002FF68 /* InstagramCloneParse */ = {
			isa = PBXNativeTarget;
			buildConfigurationList = 045BFF201F70E8830002FF68 /* Build configuration list for PBXNativeTarget "InstagramCloneParse" */;
			buildPhases = (
				2DCCFE03DA92974494E41351 /* [CP] Check Pods Manifest.lock */,
				045BFF081F70E8830002FF68 /* Sources */,
				045BFF091F70E8830002FF68 /* Frameworks */,
				045BFF0A1F70E8830002FF68 /* Resources */,
				15609FAC863F5C509D538056 /* [CP] Embed Pods Frameworks */,
				F1D8EFFF22785E234EA9DD70 /* [CP] Copy Pods Resources */,
			);
			buildRules = (
			);
			dependencies = (
			);
			name = InstagramCloneParse;
			productName = InstagramCloneParse;
			productReference = 045BFF0C1F70E8830002FF68 /* InstagramCloneParse.app */;
			productType = "com.apple.product-type.application";
		};
/* End PBXNativeTarget section */

/* Begin PBXProject section */
		045BFF041F70E8830002FF68 /* Project object */ = {
			isa = PBXProject;
			attributes = {
				LastSwiftUpdateCheck = 0900;
				LastUpgradeCheck = 0900;
				ORGANIZATIONNAME = glsh;
				TargetAttributes = {
					045BFF0B1F70E8830002FF68 = {
						CreatedOnToolsVersion = 9.0;
					};
				};
			};
			buildConfigurationList = 045BFF071F70E8830002FF68 /* Build configuration list for PBXProject "InstagramCloneParse" */;
			compatibilityVersion = "Xcode 8.0";
			developmentRegion = en;
			hasScannedForEncodings = 0;
			knownRegions = (
				en,
				Base,
			);
			mainGroup = 045BFF031F70E8830002FF68;
			productRefGroup = 045BFF0D1F70E8830002FF68 /* Products */;
			projectDirPath = "";
			projectRoot = "";
			targets = (
				045BFF0B1F70E8830002FF68 /* InstagramCloneParse */,
			);
		};
/* End PBXProject section */

/* Begin PBXResourcesBuildPhase section */
		045BFF0A1F70E8830002FF68 /* Resources */ = {
			isa = PBXResourcesBuildPhase;
			buildActionMask = 2147483647;
			files = (
				04F06A5A1F746C7A009845DF /* selec.png in Resources */,
				045BFF1C1F70E8830002FF68 /* LaunchScreen.storyboard in Resources */,
				045BFF191F70E8830002FF68 /* Assets.xcassets in Resources */,
				045BFF171F70E8830002FF68 /* Main.storyboard in Resources */,
			);
			runOnlyForDeploymentPostprocessing = 0;
		};
/* End PBXResourcesBuildPhase section */

/* Begin PBXShellScriptBuildPhase section */
		15609FAC863F5C509D538056 /* [CP] Embed Pods Frameworks */ = {
			isa = PBXShellScriptBuildPhase;
			buildActionMask = 2147483647;
			files = (
			);
			inputPaths = (
				"${SRCROOT}/Pods/Target Support Files/Pods-InstagramCloneParse/Pods-InstagramCloneParse-frameworks.sh",
				"${BUILT_PRODUCTS_DIR}/Bolts/Bolts.framework",
				"${BUILT_PRODUCTS_DIR}/Parse/Parse.framework",
			);
			name = "[CP] Embed Pods Frameworks";
			outputPaths = (
				"${TARGET_BUILD_DIR}/${FRAMEWORKS_FOLDER_PATH}/Bolts.framework",
				"${TARGET_BUILD_DIR}/${FRAMEWORKS_FOLDER_PATH}/Parse.framework",
			);
			runOnlyForDeploymentPostprocessing = 0;
			shellPath = /bin/sh;
			shellScript = "\"${SRCROOT}/Pods/Target Support Files/Pods-InstagramCloneParse/Pods-InstagramCloneParse-frameworks.sh\"\n";
			showEnvVarsInLog = 0;
		};
		2DCCFE03DA92974494E41351 /* [CP] Check Pods Manifest.lock */ = {
			isa = PBXShellScriptBuildPhase;
			buildActionMask = 2147483647;
			files = (
			);
			inputPaths = (
				"${PODS_PODFILE_DIR_PATH}/Podfile.lock",
				"${PODS_ROOT}/Manifest.lock",
			);
			name = "[CP] Check Pods Manifest.lock";
			outputPaths = (
				"$(DERIVED_FILE_DIR)/Pods-InstagramCloneParse-checkManifestLockResult.txt",
			);
			runOnlyForDeploymentPostprocessing = 0;
			shellPath = /bin/sh;
			shellScript = "diff \"${PODS_PODFILE_DIR_PATH}/Podfile.lock\" \"${PODS_ROOT}/Manifest.lock\" > /dev/null\nif [ $? != 0 ] ; then\n    # print error to STDERR\n    echo \"error: The sandbox is not in sync with the Podfile.lock. Run 'pod install' or update your CocoaPods installation.\" >&2\n    exit 1\nfi\n# This output is used by Xcode 'outputs' to avoid re-running this script phase.\necho \"SUCCESS\" > \"${SCRIPT_OUTPUT_FILE_0}\"\n";
			showEnvVarsInLog = 0;
		};
		F1D8EFFF22785E234EA9DD70 /* [CP] Copy Pods Resources */ = {
			isa = PBXShellScriptBuildPhase;
			buildActionMask = 2147483647;
			files = (
			);
			inputPaths = (
			);
			name = "[CP] Copy Pods Resources";
			outputPaths = (
			);
			runOnlyForDeploymentPostprocessing = 0;
			shellPath = /bin/sh;
			shellScript = "\"${SRCROOT}/Pods/Target Support Files/Pods-InstagramCloneParse/Pods-InstagramCloneParse-resources.sh\"\n";
			showEnvVarsInLog = 0;
		};
/* End PBXShellScriptBuildPhase section */

/* Begin PBXSourcesBuildPhase section */
		045BFF081F70E8830002FF68 /* Sources */ = {
			isa = PBXSourcesBuildPhase;
			buildActionMask = 2147483647;
			files = (
				045BFF141F70E8830002FF68 /* UploadVC.swift in Sources */,
				045BFF101F70E8830002FF68 /* AppDelegate.swift in Sources */,
				042C38761F70EF1300EF32E0 /* signInVC.swift in Sources */,
				045BFF121F70E8830002FF68 /* FeedVC.swift in Sources */,
			);
			runOnlyForDeploymentPostprocessing = 0;
		};
/* End PBXSourcesBuildPhase section */

/* Begin PBXVariantGroup section */
		045BFF151F70E8830002FF68 /* Main.storyboard */ = {
			isa = PBXVariantGroup;
			children = (
				045BFF161F70E8830002FF68 /* Base */,
			);
			name = Main.storyboard;
			sourceTree = "<group>";
		};
		045BFF1A1F70E8830002FF68 /* LaunchScreen.storyboard */ = {
			isa = PBXVariantGroup;
			children = (
				045BFF1B1F70E8830002FF68 /* Base */,
			);
			name = LaunchScreen.storyboard;
			sourceTree = "<group>";
		};
/* End PBXVariantGroup section */

/* Begin XCBuildConfiguration section */
		045BFF1E1F70E8830002FF68 /* Debug */ = {
			isa = XCBuildConfiguration;
			buildSettings = {
				ALWAYS_SEARCH_USER_PATHS = NO;
				CLANG_ANALYZER_NONNULL = YES;
				CLANG_ANALYZER_NUMBER_OBJECT_CONVERSION = YES_AGGRESSIVE;
				CLANG_CXX_LANGUAGE_STANDARD = "gnu++14";
				CLANG_CXX_LIBRARY = "libc++";
				CLANG_ENABLE_MODULES = YES;
				CLANG_ENABLE_OBJC_ARC = YES;
				CLANG_WARN_BLOCK_CAPTURE_AUTORELEASING = YES;
				CLANG_WARN_BOOL_CONVERSION = YES;
				CLANG_WARN_COMMA = YES;
				CLANG_WARN_CONSTANT_CONVERSION = YES;
				CLANG_WARN_DIRECT_OBJC_ISA_USAGE = YES_ERROR;
				CLANG_WARN_DOCUMENTATION_COMMENTS = YES;
				CLANG_WARN_EMPTY_BODY = YES;
				CLANG_WARN_ENUM_CONVERSION = YES;
				CLANG_WARN_INFINITE_RECURSION = YES;
				CLANG_WARN_INT_CONVERSION = YES;
				CLANG_WARN_OBJC_ROOT_CLASS = YES_ERROR;
				CLANG_WARN_RANGE_LOOP_ANALYSIS = YES;
				CLANG_WARN_STRICT_PROTOTYPES = YES;
				CLANG_WARN_SUSPICIOUS_MOVE = YES;
				CLANG_WARN_UNGUARDED_AVAILABILITY = YES_AGGRESSIVE;
				CLANG_WARN_UNREACHABLE_CODE = YES;
				CLANG_WARN__DUPLICATE_METHOD_MATCH = YES;
				CODE_SIGN_IDENTITY = "iPhone Developer";
				COPY_PHASE_STRIP = NO;
				DEBUG_INFORMATION_FORMAT = dwarf;
				ENABLE_STRICT_OBJC_MSGSEND = YES;
				ENABLE_TESTABILITY = YES;
				GCC_C_LANGUAGE_STANDARD = gnu11;
				GCC_DYNAMIC_NO_PIC = NO;
				GCC_NO_COMMON_BLOCKS = YES;
				GCC_OPTIMIZATION_LEVEL = 0;
				GCC_PREPROCESSOR_DEFINITIONS = (
					"DEBUG=1",
					"$(inherited)",
				);
				GCC_WARN_64_TO_32_BIT_CONVERSION = YES;
				GCC_WARN_ABOUT_RETURN_TYPE = YES_ERROR;
				GCC_WARN_UNDECLARED_SELECTOR = YES;
				GCC_WARN_UNINITIALIZED_AUTOS = YES_AGGRESSIVE;
				GCC_WARN_UNUSED_FUNCTION = YES;
				GCC_WARN_UNUSED_VARIABLE = YES;
				IPHONEOS_DEPLOYMENT_TARGET = 11.0;
				MTL_ENABLE_DEBUG_INFO = YES;
				ONLY_ACTIVE_ARCH = YES;
				SDKROOT = iphoneos;
				SWIFT_ACTIVE_COMPILATION_CONDITIONS = DEBUG;
				SWIFT_OPTIMIZATION_LEVEL = "-Onone";
			};
			name = Debug;
		};
		045BFF1F1F70E8830002FF68 /* Release */ = {
			isa = XCBuildConfiguration;
			buildSettings = {
				ALWAYS_SEARCH_USER_PATHS = NO;
				CLANG_ANALYZER_NONNULL = YES;
				CLANG_ANALYZER_NUMBER_OBJECT_CONVERSION = YES_AGGRESSIVE;
				CLANG_CXX_LANGUAGE_STANDARD = "gnu++14";
				CLANG_CXX_LIBRARY = "libc++";
				CLANG_ENABLE_MODULES = YES;
				CLANG_ENABLE_OBJC_ARC = YES;
				CLANG_WARN_BLOCK_CAPTURE_AUTORELEASING = YES;
				CLANG_WARN_BOOL_CONVERSION = YES;
				CLANG_WARN_COMMA = YES;
				CLANG_WARN_CONSTANT_CONVERSION = YES;
				CLANG_WARN_DIRECT_OBJC_ISA_USAGE = YES_ERROR;
				CLANG_WARN_DOCUMENTATION_COMMENTS = YES;
				CLANG_WARN_EMPTY_BODY = YES;
				CLANG_WARN_ENUM_CONVERSION = YES;
				CLANG_WARN_INFINITE_RECURSION = YES;
				CLANG_WARN_INT_CONVERSION = YES;
				CLANG_WARN_OBJC_ROOT_CLASS = YES_ERROR;
				CLANG_WARN_RANGE_LOOP_ANALYSIS = YES;
				CLANG_WARN_STRICT_PROTOTYPES = YES;
				CLANG_WARN_SUSPICIOUS_MOVE = YES;
				CLANG_WARN_UNGUARDED_AVAILABILITY = YES_AGGRESSIVE;
				CLANG_WARN_UNREACHABLE_CODE = YES;
				CLANG_WARN__DUPLICATE_METHOD_MATCH = YES;
				CODE_SIGN_IDENTITY = "iPhone Developer";
				COPY_PHASE_STRIP = NO;
				DEBUG_INFORMATION_FORMAT = "dwarf-with-dsym";
				ENABLE_NS_ASSERTIONS = NO;
				ENABLE_STRICT_OBJC_MSGSEND = YES;
				GCC_C_LANGUAGE_STANDARD = gnu11;
				GCC_NO_COMMON_BLOCKS = YES;
				GCC_WARN_64_TO_32_BIT_CONVERSION = YES;
				GCC_WARN_ABOUT_RETURN_TYPE = YES_ERROR;
				GCC_WARN_UNDECLARED_SELECTOR = YES;
				GCC_WARN_UNINITIALIZED_AUTOS = YES_AGGRESSIVE;
				GCC_WARN_UNUSED_FUNCTION = YES;
				GCC_WARN_UNUSED_VARIABLE = YES;
				IPHONEOS_DEPLOYMENT_TARGET = 11.0;
				MTL_ENABLE_DEBUG_INFO = NO;
				SDKROOT = iphoneos;
				SWIFT_OPTIMIZATION_LEVEL = "-Owholemodule";
				VALIDATE_PRODUCT = YES;
			};
			name = Release;
		};
		045BFF211F70E8830002FF68 /* Debug */ = {
			isa = XCBuildConfiguration;
			baseConfigurationReference = 5E9496BB3D9DBC10560ECB69 /* Pods-InstagramCloneParse.debug.xcconfig */;
			buildSettings = {
				ASSETCATALOG_COMPILER_APPICON_NAME = AppIcon;
				INFOPLIST_FILE = InstagramCloneParse/Info.plist;
				LD_RUNPATH_SEARCH_PATHS = "$(inherited) @executable_path/Frameworks";
				PRODUCT_BUNDLE_IDENTIFIER = com.glsh.InstagramCloneParse;
				PRODUCT_NAME = "$(TARGET_NAME)";
				SWIFT_VERSION = 4.0;
				TARGETED_DEVICE_FAMILY = "1,2";
			};
			name = Debug;
		};
		045BFF221F70E8830002FF68 /* Release */ = {
			isa = XCBuildConfiguration;
			baseConfigurationReference = EEEC2CEB8E5F4ADFA143945F /* Pods-InstagramCloneParse.release.xcconfig */;
			buildSettings = {
				ASSETCATALOG_COMPILER_APPICON_NAME = AppIcon;
				INFOPLIST_FILE = InstagramCloneParse/Info.plist;
				LD_RUNPATH_SEARCH_PATHS = "$(inherited) @executable_path/Frameworks";
				PRODUCT_BUNDLE_IDENTIFIER = com.glsh.InstagramCloneParse;
				PRODUCT_NAME = "$(TARGET_NAME)";
				SWIFT_VERSION = 4.0;
				TARGETED_DEVICE_FAMILY = "1,2";
			};
			name = Release;
		};
/* End XCBuildConfiguration section */

/* Begin XCConfigurationList section */
		045BFF071F70E8830002FF68 /* Build configuration list for PBXProject "InstagramCloneParse" */ = {
			isa = XCConfigurationList;
			buildConfigurations = (
				045BFF1E1F70E8830002FF68 /* Debug */,
				045BFF1F1F70E8830002FF68 /* Release */,
			);
			defaultConfigurationIsVisible = 0;
			defaultConfigurationName = Release;
		};
		045BFF201F70E8830002FF68 /* Build configuration list for PBXNativeTarget "InstagramCloneParse" */ = {
			isa = XCConfigurationList;
			buildConfigurations = (
				045BFF211F70E8830002FF68 /* Debug */,
				045BFF221F70E8830002FF68 /* Release */,
			);
			defaultConfigurationIsVisible = 0;
			defaultConfigurationName = Release;
		};
/* End XCConfigurationList section */
	};
	rootObject = 045BFF041F70E8830002FF68 /* Project object */;
}
